
Microsoft Visual Studio Solution File, Format Version 12.00
# Visual Studio Version 17
VisualStudioVersion = 17.1.32210.238
MinimumVisualStudioVersion = 10.0.40219.1
Project("{FAE04EC0-301F-11D3-BF4B-00C04F79EFBC}") = "Notepad", "Notepad\Notepad.csproj", "{F146BDCD-29B7-482D-B55A-B747B93E0668}"
EndProject
Global
	GlobalSection(SolutionConfigurationPlatforms) = preSolution
		Debug|Any CPU = Debug|Any CPU
		Release|Any CPU = Release|Any CPU
	EndGlobalSection
	GlobalSection(ProjectConfigurationPlatforms) = postSolution
		{F146BDCD-29B7-482D-B55A-B747B93E0668}.Debug|Any CPU.ActiveCfg = Debug|Any CPU
		{F146BDCD-29B7-482D-B55A-B747B93E0668}.Debug|Any CPU.Build.0 = Debug|Any CPU
		{F146BDCD-29B7-482D-B55A-B747B93E0668}.Release|Any CPU.ActiveCfg = Release|Any CPU
		{F146BDCD-29B7-482D-B55A-B747B93E0668}.Release|Any CPU.Build.0 = Release|Any CPU
	EndGlobalSection
	GlobalSection(SolutionProperties) = preSolution
		HideSolutionNode = FALSE
	EndGlobalSection
	GlobalSection(ExtensibilityGlobals) = postSolution
		SolutionGuid = {BC3B36DF-1278-4BF3-B0E3-F76F8AD91D21}
	EndGlobalSection
EndGlobal
